
Microsoft Visual Studio Solution File, Format Version 12.00
# Visual Studio 15
VisualStudioVersion = 15.0.28010.2048
MinimumVisualStudioVersion = 10.0.40219.1
Project("{FAE04EC0-301F-11D3-BF4B-00C04F79EFBC}") = "Nazwe_mozna_zmieniac", "Nazwe_mozna_zmieniac\Nazwe_mozna_zmieniac.csproj", "{2B76E34D-C3A6-4947-91AE-A05D8DB33299}"
EndProject
Global
	GlobalSection(SolutionConfigurationPlatforms) = preSolution
		Debug|Any CPU = Debug|Any CPU
		Release|Any CPU = Release|Any CPU
	EndGlobalSection
	GlobalSection(ProjectConfigurationPlatforms) = postSolution
		{2B76E34D-C3A6-4947-91AE-A05D8DB33299}.Debug|Any CPU.ActiveCfg = Debug|Any CPU
		{2B76E34D-C3A6-4947-91AE-A05D8DB33299}.Debug|Any CPU.Build.0 = Debug|Any CPU
		{2B76E34D-C3A6-4947-91AE-A05D8DB33299}.Release|Any CPU.ActiveCfg = Release|Any CPU
		{2B76E34D-C3A6-4947-91AE-A05D8DB33299}.Release|Any CPU.Build.0 = Release|Any CPU
	EndGlobalSection
	GlobalSection(SolutionProperties) = preSolution
		HideSolutionNode = FALSE
	EndGlobalSection
	GlobalSection(ExtensibilityGlobals) = postSolution
		SolutionGuid = {DF10C502-28BB-4559-93EF-A15245A155E2}
	EndGlobalSection
EndGlobal
